
Microsoft Visual Studio Solution File, Format Version 12.00
# Visual Studio 15
VisualStudioVersion = 15.0.27703.2000
MinimumVisualStudioVersion = 10.0.40219.1
Project("{FAE04EC0-301F-11D3-BF4B-00C04F79EFBC}") = "SQLite.Android", "SQLite\SQLite.Android\SQLite.Android.csproj", "{0CC2508C-AE23-46E0-8D96-066FBD1D2A47}"
EndProject
Project("{FAE04EC0-301F-11D3-BF4B-00C04F79EFBC}") = "SQLite.iOS", "SQLite\SQLite.iOS\SQLite.iOS.csproj", "{BEE368AA-C5A4-4BAE-AA43-8F95FE8346D5}"
EndProject
Project("{FAE04EC0-301F-11D3-BF4B-00C04F79EFBC}") = "SQLite", "SQLite\SQLite\SQLite.csproj", "{40A56031-6C2F-4B5C-9A5B-98472843131E}"
EndProject
Global
	GlobalSection(SolutionConfigurationPlatforms) = preSolution
		Ad-Hoc|Any CPU = Ad-Hoc|Any CPU
		Ad-Hoc|iPhone = Ad-Hoc|iPhone
		Ad-Hoc|iPhoneSimulator = Ad-Hoc|iPhoneSimulator
		AppStore|Any CPU = AppStore|Any CPU
		AppStore|iPhone = AppStore|iPhone
		AppStore|iPhoneSimulator = AppStore|iPhoneSimulator
		Debug|Any CPU = Debug|Any CPU
		Debug|iPhone = Debug|iPhone
		Debug|iPhoneSimulator = Debug|iPhoneSimulator
		Release|Any CPU = Release|Any CPU
		Release|iPhone = Release|iPhone
		Release|iPhoneSimulator = Release|iPhoneSimulator
	EndGlobalSection
	GlobalSection(ProjectConfigurationPlatforms) = postSolution
		{0CC2508C-AE23-46E0-8D96-066FBD1D2A47}.Ad-Hoc|Any CPU.ActiveCfg = Release|Any CPU
		{0CC2508C-AE23-46E0-8D96-066FBD1D2A47}.Ad-Hoc|Any CPU.Build.0 = Release|Any CPU
		{0CC2508C-AE23-46E0-8D96-066FBD1D2A47}.Ad-Hoc|Any CPU.Deploy.0 = Release|Any CPU
		{0CC2508C-AE23-46E0-8D96-066FBD1D2A47}.Ad-Hoc|iPhone.ActiveCfg = Release|Any CPU
		{0CC2508C-AE23-46E0-8D96-066FBD1D2A47}.Ad-Hoc|iPhone.Build.0 = Release|Any CPU
		{0CC2508C-AE23-46E0-8D96-066FBD1D2A47}.Ad-Hoc|iPhone.Deploy.0 = Release|Any CPU
		{0CC2508C-AE23-46E0-8D96-066FBD1D2A47}.Ad-Hoc|iPhoneSimulator.ActiveCfg = Release|Any CPU
		{0CC2508C-AE23-46E0-8D96-066FBD1D2A47}.Ad-Hoc|iPhoneSimulator.Build.0 = Release|Any CPU
		{0CC2508C-AE23-46E0-8D96-066FBD1D2A47}.Ad-Hoc|iPhoneSimulator.Deploy.0 = Release|Any CPU
		{0CC2508C-AE23-46E0-8D96-066FBD1D2A47}.AppStore|Any CPU.ActiveCfg = Release|Any CPU
		{0CC2508C-AE23-46E0-8D96-066FBD1D2A47}.AppStore|Any CPU.Build.0 = Release|Any CPU
		{0CC2508C-AE23-46E0-8D96-066FBD1D2A47}.AppStore|Any CPU.Deploy.0 = Release|Any CPU
		{0CC2508C-AE23-46E0-8D96-066FBD1D2A47}.AppStore|iPhone.ActiveCfg = Release|Any CPU
		{0CC2508C-AE23-46E0-8D96-066FBD1D2A47}.AppStore|iPhone.Build.0 = Release|Any CPU
		{0CC2508C-AE23-46E0-8D96-066FBD1D2A47}.AppStore|iPhone.Deploy.0 = Release|Any CPU
		{0CC2508C-AE23-46E0-8D96-066FBD1D2A47}.AppStore|iPhoneSimulator.ActiveCfg = Release|Any CPU
		{0CC2508C-AE23-46E0-8D96-066FBD1D2A47}.AppStore|iPhoneSimulator.Build.0 = Release|Any CPU
		{0CC2508C-AE23-46E0-8D96-066FBD1D2A47}.AppStore|iPhoneSimulator.Deploy.0 = Release|Any CPU
		{0CC2508C-AE23-46E0-8D96-066FBD1D2A47}.Debug|Any CPU.ActiveCfg = Debug|Any CPU
		{0CC2508C-AE23-46E0-8D96-066FBD1D2A47}.Debug|Any CPU.Build.0 = Debug|Any CPU
		{0CC2508C-AE23-46E0-8D96-066FBD1D2A47}.Debug|Any CPU.Deploy.0 = Debug|Any CPU
		{0CC2508C-AE23-46E0-8D96-066FBD1D2A47}.Debug|iPhone.ActiveCfg = Debug|Any CPU
		{0CC2508C-AE23-46E0-8D96-066FBD1D2A47}.Debug|iPhone.Build.0 = Debug|Any CPU
		{0CC2508C-AE23-46E0-8D96-066FBD1D2A47}.Debug|iPhone.Deploy.0 = Debug|Any CPU
		{0CC2508C-AE23-46E0-8D96-066FBD1D2A47}.Debug|iPhoneSimulator.ActiveCfg = Debug|Any CPU
		{0CC2508C-AE23-46E0-8D96-066FBD1D2A47}.Debug|iPhoneSimulator.Build.0 = Debug|Any CPU
		{0CC2508C-AE23-46E0-8D96-066FBD1D2A47}.Debug|iPhoneSimulator.Deploy.0 = Debug|Any CPU
		{0CC2508C-AE23-46E0-8D96-066FBD1D2A47}.Release|Any CPU.ActiveCfg = Release|Any CPU
		{0CC2508C-AE23-46E0-8D96-066FBD1D2A47}.Release|Any CPU.Build.0 = Release|Any CPU
		{0CC2508C-AE23-46E0-8D96-066FBD1D2A47}.Release|Any CPU.Deploy.0 = Release|Any CPU
		{0CC2508C-AE23-46E0-8D96-066FBD1D2A47}.Release|iPhone.ActiveCfg = Release|Any CPU
		{0CC2508C-AE23-46E0-8D96-066FBD1D2A47}.Release|iPhone.Build.0 = Release|Any CPU
		{0CC2508C-AE23-46E0-8D96-066FBD1D2A47}.Release|iPhone.Deploy.0 = Release|Any CPU
		{0CC2508C-AE23-46E0-8D96-066FBD1D2A47}.Release|iPhoneSimulator.ActiveCfg = Release|Any CPU
		{0CC2508C-AE23-46E0-8D96-066FBD1D2A47}.Release|iPhoneSimulator.Build.0 = Release|Any CPU
		{0CC2508C-AE23-46E0-8D96-066FBD1D2A47}.Release|iPhoneSimulator.Deploy.0 = Release|Any CPU
		{BEE368AA-C5A4-4BAE-AA43-8F95FE8346D5}.Ad-Hoc|Any CPU.ActiveCfg = Ad-Hoc|iPhone
		{BEE368AA-C5A4-4BAE-AA43-8F95FE8346D5}.Ad-Hoc|Any CPU.Build.0 = Ad-Hoc|iPhone
		{BEE368AA-C5A4-4BAE-AA43-8F95FE8346D5}.Ad-Hoc|Any CPU.Deploy.0 = Ad-Hoc|iPhone
		{BEE368AA-C5A4-4BAE-AA43-8F95FE8346D5}.Ad-Hoc|iPhone.ActiveCfg = Ad-Hoc|iPhone
		{BEE368AA-C5A4-4BAE-AA43-8F95FE8346D5}.Ad-Hoc|iPhone.Build.0 = Ad-Hoc|iPhone
		{BEE368AA-C5A4-4BAE-AA43-8F95FE8346D5}.Ad-Hoc|iPhone.Deploy.0 = Ad-Hoc|iPhone
		{BEE368AA-C5A4-4BAE-AA43-8F95FE8346D5}.Ad-Hoc|iPhoneSimulator.ActiveCfg = Ad-Hoc|iPhoneSimulator
		{BEE368AA-C5A4-4BAE-AA43-8F95FE8346D5}.Ad-Hoc|iPhoneSimulator.Build.0 = Ad-Hoc|iPhoneSimulator
		{BEE368AA-C5A4-4BAE-AA43-8F95FE8346D5}.Ad-Hoc|iPhoneSimulator.Deploy.0 = Ad-Hoc|iPhoneSimulator
		{BEE368AA-C5A4-4BAE-AA43-8F95FE8346D5}.AppStore|Any CPU.ActiveCfg = AppStore|iPhone
		{BEE368AA-C5A4-4BAE-AA43-8F95FE8346D5}.AppStore|Any CPU.Build.0 = AppStore|iPhone
		{BEE368AA-C5A4-4BAE-AA43-8F95FE8346D5}.AppStore|Any CPU.Deploy.0 = AppStore|iPhone
		{BEE368AA-C5A4-4BAE-AA43-8F95FE8346D5}.AppStore|iPhone.ActiveCfg = AppStore|iPhone
		{BEE368AA-C5A4-4BAE-AA43-8F95FE8346D5}.AppStore|iPhone.Build.0 = AppStore|iPhone
		{BEE368AA-C5A4-4BAE-AA43-8F95FE8346D5}.AppStore|iPhone.Deploy.0 = AppStore|iPhone
		{BEE368AA-C5A4-4BAE-AA43-8F95FE8346D5}.AppStore|iPhoneSimulator.ActiveCfg = AppStore|iPhoneSimulator
		{BEE368AA-C5A4-4BAE-AA43-8F95FE8346D5}.AppStore|iPhoneSimulator.Build.0 = AppStore|iPhoneSimulator
		{BEE368AA-C5A4-4BAE-AA43-8F95FE8346D5}.AppStore|iPhoneSimulator.Deploy.0 = AppStore|iPhoneSimulator
		{BEE368AA-C5A4-4BAE-AA43-8F95FE8346D5}.Debug|Any CPU.ActiveCfg = Debug|iPhoneSimulator
		{BEE368AA-C5A4-4BAE-AA43-8F95FE8346D5}.Debug|Any CPU.Build.0 = Debug|iPhoneSimulator
		{BEE368AA-C5A4-4BAE-AA43-8F95FE8346D5}.Debug|Any CPU.Deploy.0 = Debug|iPhoneSimulator
		{BEE368AA-C5A4-4BAE-AA43-8F95FE8346D5}.Debug|iPhone.ActiveCfg = Debug|iPhone
		{BEE368AA-C5A4-4BAE-AA43-8F95FE8346D5}.Debug|iPhone.Build.0 = Debug|iPhone
		{BEE368AA-C5A4-4BAE-AA43-8F95FE8346D5}.Debug|iPhone.Deploy.0 = Debug|iPhone
		{BEE368AA-C5A4-4BAE-AA43-8F95FE8346D5}.Debug|iPhoneSimulator.ActiveCfg = Debug|iPhoneSimulator
		{BEE368AA-C5A4-4BAE-AA43-8F95FE8346D5}.Debug|iPhoneSimulator.Build.0 = Debug|iPhoneSimulator
		{BEE368AA-C5A4-4BAE-AA43-8F95FE8346D5}.Debug|iPhoneSimulator.Deploy.0 = Debug|iPhoneSimulator
		{BEE368AA-C5A4-4BAE-AA43-8F95FE8346D5}.Release|Any CPU.ActiveCfg = Release|iPhone
		{BEE368AA-C5A4-4BAE-AA43-8F95FE8346D5}.Release|Any CPU.Build.0 = Release|iPhone
		{BEE368AA-C5A4-4BAE-AA43-8F95FE8346D5}.Release|Any CPU.Deploy.0 = Release|iPhone
		{BEE368AA-C5A4-4BAE-AA43-8F95FE8346D5}.Release|iPhone.ActiveCfg = Release|iPhone
		{BEE368AA-C5A4-4BAE-AA43-8F95FE8346D5}.Release|iPhone.Build.0 = Release|iPhone
		{BEE368AA-C5A4-4BAE-AA43-8F95FE8346D5}.Release|iPhone.Deploy.0 = Release|iPhone
		{BEE368AA-C5A4-4BAE-AA43-8F95FE8346D5}.Release|iPhoneSimulator.ActiveCfg = Release|iPhoneSimulator
		{BEE368AA-C5A4-4BAE-AA43-8F95FE8346D5}.Release|iPhoneSimulator.Build.0 = Release|iPhoneSimulator
		{BEE368AA-C5A4-4BAE-AA43-8F95FE8346D5}.Release|iPhoneSimulator.Deploy.0 = Release|iPhoneSimulator
		{40A56031-6C2F-4B5C-9A5B-98472843131E}.Ad-Hoc|Any CPU.ActiveCfg = Debug|Any CPU
		{40A56031-6C2F-4B5C-9A5B-98472843131E}.Ad-Hoc|Any CPU.Build.0 = Debug|Any CPU
		{40A56031-6C2F-4B5C-9A5B-98472843131E}.Ad-Hoc|Any CPU.Deploy.0 = Debug|Any CPU
		{40A56031-6C2F-4B5C-9A5B-98472843131E}.Ad-Hoc|iPhone.ActiveCfg = Debug|Any CPU
		{40A56031-6C2F-4B5C-9A5B-98472843131E}.Ad-Hoc|iPhone.Build.0 = Debug|Any CPU
		{40A56031-6C2F-4B5C-9A5B-98472843131E}.Ad-Hoc|iPhone.Deploy.0 = Debug|Any CPU
		{40A56031-6C2F-4B5C-9A5B-98472843131E}.Ad-Hoc|iPhoneSimulator.ActiveCfg = Debug|Any CPU
		{40A56031-6C2F-4B5C-9A5B-98472843131E}.Ad-Hoc|iPhoneSimulator.Build.0 = Debug|Any CPU
		{40A56031-6C2F-4B5C-9A5B-98472843131E}.Ad-Hoc|iPhoneSimulator.Deploy.0 = Debug|Any CPU
		{40A56031-6C2F-4B5C-9A5B-98472843131E}.AppStore|Any CPU.ActiveCfg = Debug|Any CPU
		{40A56031-6C2F-4B5C-9A5B-98472843131E}.AppStore|Any CPU.Build.0 = Debug|Any CPU
		{40A56031-6C2F-4B5C-9A5B-98472843131E}.AppStore|Any CPU.Deploy.0 = Debug|Any CPU
		{40A56031-6C2F-4B5C-9A5B-98472843131E}.AppStore|iPhone.ActiveCfg = Debug|Any CPU
		{40A56031-6C2F-4B5C-9A5B-98472843131E}.AppStore|iPhone.Build.0 = Debug|Any CPU
		{40A56031-6C2F-4B5C-9A5B-98472843131E}.AppStore|iPhone.Deploy.0 = Debug|Any CPU
		{40A56031-6C2F-4B5C-9A5B-98472843131E}.AppStore|iPhoneSimulator.ActiveCfg = Debug|Any CPU
		{40A56031-6C2F-4B5C-9A5B-98472843131E}.AppStore|iPhoneSimulator.Build.0 = Debug|Any CPU
		{40A56031-6C2F-4B5C-9A5B-98472843131E}.AppStore|iPhoneSimulator.Deploy.0 = Debug|Any CPU
		{40A56031-6C2F-4B5C-9A5B-98472843131E}.Debug|Any CPU.ActiveCfg = Debug|Any CPU
		{40A56031-6C2F-4B5C-9A5B-98472843131E}.Debug|Any CPU.Build.0 = Debug|Any CPU
		{40A56031-6C2F-4B5C-9A5B-98472843131E}.Debug|Any CPU.Deploy.0 = Debug|Any CPU
		{40A56031-6C2F-4B5C-9A5B-98472843131E}.Debug|iPhone.ActiveCfg = Debug|Any CPU
		{40A56031-6C2F-4B5C-9A5B-98472843131E}.Debug|iPhone.Build.0 = Debug|Any CPU
		{40A56031-6C2F-4B5C-9A5B-98472843131E}.Debug|iPhone.Deploy.0 = Debug|Any CPU
		{40A56031-6C2F-4B5C-9A5B-98472843131E}.Debug|iPhoneSimulator.ActiveCfg = Debug|Any CPU
		{40A56031-6C2F-4B5C-9A5B-98472843131E}.Debug|iPhoneSimulator.Build.0 = Debug|Any CPU
		{40A56031-6C2F-4B5C-9A5B-98472843131E}.Debug|iPhoneSimulator.Deploy.0 = Debug|Any CPU
		{40A56031-6C2F-4B5C-9A5B-98472843131E}.Release|Any CPU.ActiveCfg = Release|Any CPU
		{40A56031-6C2F-4B5C-9A5B-98472843131E}.Release|Any CPU.Build.0 = Release|Any CPU
		{40A56031-6C2F-4B5C-9A5B-98472843131E}.Release|Any CPU.Deploy.0 = Release|Any CPU
		{40A56031-6C2F-4B5C-9A5B-98472843131E}.Release|iPhone.ActiveCfg = Release|Any CPU
		{40A56031-6C2F-4B5C-9A5B-98472843131E}.Release|iPhone.Build.0 = Release|Any CPU
		{40A56031-6C2F-4B5C-9A5B-98472843131E}.Release|iPhone.Deploy.0 = Release|Any CPU
		{40A56031-6C2F-4B5C-9A5B-98472843131E}.Release|iPhoneSimulator.ActiveCfg = Release|Any CPU
		{40A56031-6C2F-4B5C-9A5B-98472843131E}.Release|iPhoneSimulator.Build.0 = Release|Any CPU
		{40A56031-6C2F-4B5C-9A5B-98472843131E}.Release|iPhoneSimulator.Deploy.0 = Release|Any CPU
	EndGlobalSection
	GlobalSection(SolutionProperties) = preSolution
		HideSolutionNode = FALSE
	EndGlobalSection
	GlobalSection(ExtensibilityGlobals) = postSolution
		SolutionGuid = {5A624597-02D2-495F-A0AA-4E87B872E607}
	EndGlobalSection
EndGlobal
